
Microsoft Visual Studio Solution File, Format Version 12.00
# Visual Studio Version 17
VisualStudioVersion = 17.2.32602.215
MinimumVisualStudioVersion = 10.0.40219.1
Project("{FAE04EC0-301F-11D3-BF4B-00C04F79EFBC}") = "ReverseInput", "ReverseInput\ReverseInput.csproj", "{A0ECEB21-D398-48DC-A7FB-2DED16BCB124}"
EndProject
Global
	GlobalSection(SolutionConfigurationPlatforms) = preSolution
		Debug|Any CPU = Debug|Any CPU
		Release|Any CPU = Release|Any CPU
	EndGlobalSection
	GlobalSection(ProjectConfigurationPlatforms) = postSolution
		{A0ECEB21-D398-48DC-A7FB-2DED16BCB124}.Debug|Any CPU.ActiveCfg = Debug|Any CPU
		{A0ECEB21-D398-48DC-A7FB-2DED16BCB124}.Debug|Any CPU.Build.0 = Debug|Any CPU
		{A0ECEB21-D398-48DC-A7FB-2DED16BCB124}.Release|Any CPU.ActiveCfg = Release|Any CPU
		{A0ECEB21-D398-48DC-A7FB-2DED16BCB124}.Release|Any CPU.Build.0 = Release|Any CPU
	EndGlobalSection
	GlobalSection(SolutionProperties) = preSolution
		HideSolutionNode = FALSE
	EndGlobalSection
	GlobalSection(ExtensibilityGlobals) = postSolution
		SolutionGuid = {512A6A11-D9A1-443F-8245-87BB08E5DCC3}
	EndGlobalSection
EndGlobal
